
Microsoft Visual Studio Solution File, Format Version 12.00
# Visual Studio 2013
VisualStudioVersion = 12.0.30501.0
MinimumVisualStudioVersion = 10.0.40219.1
Project("{FAE04EC0-301F-11D3-BF4B-00C04F79EFBC}") = "NASTC.Web.Client", "NASTC.Web.Client\NASTC.Web.Client.csproj", "{837C06C1-BCEB-4CDF-B9F3-54C2710B5AB8}"
EndProject
Project("{FAE04EC0-301F-11D3-BF4B-00C04F79EFBC}") = "NASTC.Web.API", "NASTC.Web.API\NASTC.Web.API.csproj", "{6FD213C2-F476-4845-A47A-418803BA5576}"
EndProject
Project("{FAE04EC0-301F-11D3-BF4B-00C04F79EFBC}") = "NASTC.BO", "NASTC.BO\NASTC.BO.csproj", "{6A568A3B-C2CF-46F2-8669-441D93F6A2B3}"
EndProject
Global
	GlobalSection(SolutionConfigurationPlatforms) = preSolution
		Debug|Any CPU = Debug|Any CPU
		Release|Any CPU = Release|Any CPU
	EndGlobalSection
	GlobalSection(ProjectConfigurationPlatforms) = postSolution
		{837C06C1-BCEB-4CDF-B9F3-54C2710B5AB8}.Debug|Any CPU.ActiveCfg = Debug|Any CPU
		{837C06C1-BCEB-4CDF-B9F3-54C2710B5AB8}.Debug|Any CPU.Build.0 = Debug|Any CPU
		{837C06C1-BCEB-4CDF-B9F3-54C2710B5AB8}.Release|Any CPU.ActiveCfg = Release|Any CPU
		{837C06C1-BCEB-4CDF-B9F3-54C2710B5AB8}.Release|Any CPU.Build.0 = Release|Any CPU
		{6FD213C2-F476-4845-A47A-418803BA5576}.Debug|Any CPU.ActiveCfg = Debug|Any CPU
		{6FD213C2-F476-4845-A47A-418803BA5576}.Debug|Any CPU.Build.0 = Debug|Any CPU
		{6FD213C2-F476-4845-A47A-418803BA5576}.Release|Any CPU.ActiveCfg = Release|Any CPU
		{6FD213C2-F476-4845-A47A-418803BA5576}.Release|Any CPU.Build.0 = Release|Any CPU
		{6A568A3B-C2CF-46F2-8669-441D93F6A2B3}.Debug|Any CPU.ActiveCfg = Debug|Any CPU
		{6A568A3B-C2CF-46F2-8669-441D93F6A2B3}.Debug|Any CPU.Build.0 = Debug|Any CPU
		{6A568A3B-C2CF-46F2-8669-441D93F6A2B3}.Release|Any CPU.ActiveCfg = Release|Any CPU
		{6A568A3B-C2CF-46F2-8669-441D93F6A2B3}.Release|Any CPU.Build.0 = Release|Any CPU
	EndGlobalSection
	GlobalSection(SolutionProperties) = preSolution
		HideSolutionNode = FALSE
	EndGlobalSection
EndGlobal
